
Microsoft Visual Studio Solution File, Format Version 12.00
# Visual Studio Version 17
VisualStudioVersion = 17.0.31903.59
MinimumVisualStudioVersion = 10.0.40219.1
Project("{FAE04EC0-301F-11D3-BF4B-00C04F79EFBC}") = "SecurePasswordGenerator.Domain", "SecurePasswordGenerator.Domain\SecurePasswordGenerator.Domain.csproj", "{041E7D06-DD0A-4E1C-80B4-611959176F72}"
EndProject
Project("{FAE04EC0-301F-11D3-BF4B-00C04F79EFBC}") = "SecurePasswordGenerator.Application", "SecurePasswordGenerator.Application\SecurePasswordGenerator.Application.csproj", "{4C639AA9-28AC-43A4-91C5-A351ABF04D55}"
EndProject
Project("{FAE04EC0-301F-11D3-BF4B-00C04F79EFBC}") = "SecurePasswordGenerator.Infrastructure", "SecurePasswordGenerator.Infrastructure\SecurePasswordGenerator.Infrastructure.csproj", "{40A6C1AC-30C0-4095-80B3-BEC7BFB495DD}"
EndProject
Project("{FAE04EC0-301F-11D3-BF4B-00C04F79EFBC}") = "SecurePasswordGenerator.Web", "SecurePasswordGenerator.Web\SecurePasswordGenerator.Web.csproj", "{AD995B4C-B20E-486D-AF65-FD488A28F5DC}"
EndProject
Global
	GlobalSection(SolutionConfigurationPlatforms) = preSolution
		Debug|Any CPU = Debug|Any CPU
		Debug|x64 = Debug|x64
		Debug|x86 = Debug|x86
		Release|Any CPU = Release|Any CPU
		Release|x64 = Release|x64
		Release|x86 = Release|x86
	EndGlobalSection
	GlobalSection(ProjectConfigurationPlatforms) = postSolution
		{041E7D06-DD0A-4E1C-80B4-611959176F72}.Debug|Any CPU.ActiveCfg = Debug|Any CPU
		{041E7D06-DD0A-4E1C-80B4-611959176F72}.Debug|Any CPU.Build.0 = Debug|Any CPU
		{041E7D06-DD0A-4E1C-80B4-611959176F72}.Debug|x64.ActiveCfg = Debug|Any CPU
		{041E7D06-DD0A-4E1C-80B4-611959176F72}.Debug|x64.Build.0 = Debug|Any CPU
		{041E7D06-DD0A-4E1C-80B4-611959176F72}.Debug|x86.ActiveCfg = Debug|Any CPU
		{041E7D06-DD0A-4E1C-80B4-611959176F72}.Debug|x86.Build.0 = Debug|Any CPU
		{041E7D06-DD0A-4E1C-80B4-611959176F72}.Release|Any CPU.ActiveCfg = Release|Any CPU
		{041E7D06-DD0A-4E1C-80B4-611959176F72}.Release|Any CPU.Build.0 = Release|Any CPU
		{041E7D06-DD0A-4E1C-80B4-611959176F72}.Release|x64.ActiveCfg = Release|Any CPU
		{041E7D06-DD0A-4E1C-80B4-611959176F72}.Release|x64.Build.0 = Release|Any CPU
		{041E7D06-DD0A-4E1C-80B4-611959176F72}.Release|x86.ActiveCfg = Release|Any CPU
		{041E7D06-DD0A-4E1C-80B4-611959176F72}.Release|x86.Build.0 = Release|Any CPU
		{4C639AA9-28AC-43A4-91C5-A351ABF04D55}.Debug|Any CPU.ActiveCfg = Debug|Any CPU
		{4C639AA9-28AC-43A4-91C5-A351ABF04D55}.Debug|Any CPU.Build.0 = Debug|Any CPU
		{4C639AA9-28AC-43A4-91C5-A351ABF04D55}.Debug|x64.ActiveCfg = Debug|Any CPU
		{4C639AA9-28AC-43A4-91C5-A351ABF04D55}.Debug|x64.Build.0 = Debug|Any CPU
		{4C639AA9-28AC-43A4-91C5-A351ABF04D55}.Debug|x86.ActiveCfg = Debug|Any CPU
		{4C639AA9-28AC-43A4-91C5-A351ABF04D55}.Debug|x86.Build.0 = Debug|Any CPU
		{4C639AA9-28AC-43A4-91C5-A351ABF04D55}.Release|Any CPU.ActiveCfg = Release|Any CPU
		{4C639AA9-28AC-43A4-91C5-A351ABF04D55}.Release|Any CPU.Build.0 = Release|Any CPU
		{4C639AA9-28AC-43A4-91C5-A351ABF04D55}.Release|x64.ActiveCfg = Release|Any CPU
		{4C639AA9-28AC-43A4-91C5-A351ABF04D55}.Release|x64.Build.0 = Release|Any CPU
		{4C639AA9-28AC-43A4-91C5-A351ABF04D55}.Release|x86.ActiveCfg = Release|Any CPU
		{4C639AA9-28AC-43A4-91C5-A351ABF04D55}.Release|x86.Build.0 = Release|Any CPU
		{40A6C1AC-30C0-4095-80B3-BEC7BFB495DD}.Debug|Any CPU.ActiveCfg = Debug|Any CPU
		{40A6C1AC-30C0-4095-80B3-BEC7BFB495DD}.Debug|Any CPU.Build.0 = Debug|Any CPU
		{40A6C1AC-30C0-4095-80B3-BEC7BFB495DD}.Debug|x64.ActiveCfg = Debug|Any CPU
		{40A6C1AC-30C0-4095-80B3-BEC7BFB495DD}.Debug|x64.Build.0 = Debug|Any CPU
		{40A6C1AC-30C0-4095-80B3-BEC7BFB495DD}.Debug|x86.ActiveCfg = Debug|Any CPU
		{40A6C1AC-30C0-4095-80B3-BEC7BFB495DD}.Debug|x86.Build.0 = Debug|Any CPU
		{40A6C1AC-30C0-4095-80B3-BEC7BFB495DD}.Release|Any CPU.ActiveCfg = Release|Any CPU
		{40A6C1AC-30C0-4095-80B3-BEC7BFB495DD}.Release|Any CPU.Build.0 = Release|Any CPU
		{40A6C1AC-30C0-4095-80B3-BEC7BFB495DD}.Release|x64.ActiveCfg = Release|Any CPU
		{40A6C1AC-30C0-4095-80B3-BEC7BFB495DD}.Release|x64.Build.0 = Release|Any CPU
		{40A6C1AC-30C0-4095-80B3-BEC7BFB495DD}.Release|x86.ActiveCfg = Release|Any CPU
		{40A6C1AC-30C0-4095-80B3-BEC7BFB495DD}.Release|x86.Build.0 = Release|Any CPU
		{AD995B4C-B20E-486D-AF65-FD488A28F5DC}.Debug|Any CPU.ActiveCfg = Debug|Any CPU
		{AD995B4C-B20E-486D-AF65-FD488A28F5DC}.Debug|Any CPU.Build.0 = Debug|Any CPU
		{AD995B4C-B20E-486D-AF65-FD488A28F5DC}.Debug|x64.ActiveCfg = Debug|Any CPU
		{AD995B4C-B20E-486D-AF65-FD488A28F5DC}.Debug|x64.Build.0 = Debug|Any CPU
		{AD995B4C-B20E-486D-AF65-FD488A28F5DC}.Debug|x86.ActiveCfg = Debug|Any CPU
		{AD995B4C-B20E-486D-AF65-FD488A28F5DC}.Debug|x86.Build.0 = Debug|Any CPU
		{AD995B4C-B20E-486D-AF65-FD488A28F5DC}.Release|Any CPU.ActiveCfg = Release|Any CPU
		{AD995B4C-B20E-486D-AF65-FD488A28F5DC}.Release|Any CPU.Build.0 = Release|Any CPU
		{AD995B4C-B20E-486D-AF65-FD488A28F5DC}.Release|x64.ActiveCfg = Release|Any CPU
		{AD995B4C-B20E-486D-AF65-FD488A28F5DC}.Release|x64.Build.0 = Release|Any CPU
		{AD995B4C-B20E-486D-AF65-FD488A28F5DC}.Release|x86.ActiveCfg = Release|Any CPU
		{AD995B4C-B20E-486D-AF65-FD488A28F5DC}.Release|x86.Build.0 = Release|Any CPU
	EndGlobalSection
	GlobalSection(SolutionProperties) = preSolution
		HideSolutionNode = FALSE
	EndGlobalSection
EndGlobal
